
Microsoft Visual Studio Solution File, Format Version 12.00
# Visual Studio Version 17
VisualStudioVersion = 17.4.33205.214
MinimumVisualStudioVersion = 10.0.40219.1
Project("{FAE04EC0-301F-11D3-BF4B-00C04F79EFBC}") = "LINQ", "LINQ.csproj", "{860B47F2-FB3B-424A-8935-4C7880A5FB7F}"
EndProject
Global
	GlobalSection(SolutionConfigurationPlatforms) = preSolution
		Debug|Any CPU = Debug|Any CPU
		Release|Any CPU = Release|Any CPU
	EndGlobalSection
	GlobalSection(ProjectConfigurationPlatforms) = postSolution
		{860B47F2-FB3B-424A-8935-4C7880A5FB7F}.Debug|Any CPU.ActiveCfg = Debug|Any CPU
		{860B47F2-FB3B-424A-8935-4C7880A5FB7F}.Debug|Any CPU.Build.0 = Debug|Any CPU
		{860B47F2-FB3B-424A-8935-4C7880A5FB7F}.Release|Any CPU.ActiveCfg = Release|Any CPU
		{860B47F2-FB3B-424A-8935-4C7880A5FB7F}.Release|Any CPU.Build.0 = Release|Any CPU
	EndGlobalSection
	GlobalSection(SolutionProperties) = preSolution
		HideSolutionNode = FALSE
	EndGlobalSection
	GlobalSection(ExtensibilityGlobals) = postSolution
		SolutionGuid = {3D2632D4-C91A-4059-8E15-1D469FF54D03}
	EndGlobalSection
EndGlobal
